
Microsoft Visual Studio Solution File, Format Version 12.00
# Visual Studio Version 17
VisualStudioVersion = 17.8.34316.72
MinimumVisualStudioVersion = 10.0.40219.1
Project("{FAE04EC0-301F-11D3-BF4B-00C04F79EFBC}") = "BulkyWeb", "BulkyWeb\BulkyWeb.csproj", "{6CB50E55-A3A5-4FFD-A379-7B7ABF7243A3}"
EndProject
Global
	GlobalSection(SolutionConfigurationPlatforms) = preSolution
		Debug|Any CPU = Debug|Any CPU
		Release|Any CPU = Release|Any CPU
	EndGlobalSection
	GlobalSection(ProjectConfigurationPlatforms) = postSolution
		{6CB50E55-A3A5-4FFD-A379-7B7ABF7243A3}.Debug|Any CPU.ActiveCfg = Debug|Any CPU
		{6CB50E55-A3A5-4FFD-A379-7B7ABF7243A3}.Debug|Any CPU.Build.0 = Debug|Any CPU
		{6CB50E55-A3A5-4FFD-A379-7B7ABF7243A3}.Release|Any CPU.ActiveCfg = Release|Any CPU
		{6CB50E55-A3A5-4FFD-A379-7B7ABF7243A3}.Release|Any CPU.Build.0 = Release|Any CPU
	EndGlobalSection
	GlobalSection(SolutionProperties) = preSolution
		HideSolutionNode = FALSE
	EndGlobalSection
	GlobalSection(ExtensibilityGlobals) = postSolution
		SolutionGuid = {D1EAD14D-20B1-41BA-B235-6E1A6DFC4E5F}
	EndGlobalSection
EndGlobal
